// !$*UTF8*$!
{
	archiveVersion = 1;
	classes = {
	};
	objectVersion = 55;
	objects = {

/* Begin PBXBuildFile section */
		BE2EDF98780B65FA4CF7F768 /* Pods_StudyLogin.framework in Frameworks */ = {isa = PBXBuildFile; fileRef = 23FBB4A640F5096B57830D55 /* Pods_StudyLogin.framework */; };
		DD2219F72834DD780070C00A /* SignInViewController.swift in Sources */ = {isa = PBXBuildFile; fileRef = DD2219F62834DD780070C00A /* SignInViewController.swift */; };
		DD44A66128502449001C79E5 /* Util.swift in Sources */ = {isa = PBXBuildFile; fileRef = DD44A66028502449001C79E5 /* Util.swift */; };
		DD44A663285097E2001C79E5 /* UserInfomationViewController.swift in Sources */ = {isa = PBXBuildFile; fileRef = DD44A662285097E2001C79E5 /* UserInfomationViewController.swift */; };
		DDB932D82851DE770018F2A0 /* Localizable.strings in Resources */ = {isa = PBXBuildFile; fileRef = DDB932DA2851DE770018F2A0 /* Localizable.strings */; };
		DDB932DF2851DF750018F2A0 /* String+Extension.swift in Sources */ = {isa = PBXBuildFile; fileRef = DDB932DE2851DF750018F2A0 /* String+Extension.swift */; };
		DDBE79CE2856FB9F00A713C7 /* NaverSNSLogin.swift in Sources */ = {isa = PBXBuildFile; fileRef = DDBE79CD2856FB9F00A713C7 /* NaverSNSLogin.swift */; };
		DDBE79D0285703C700A713C7 /* UIApplication+Extension.swift in Sources */ = {isa = PBXBuildFile; fileRef = DDBE79CF285703C700A713C7 /* UIApplication+Extension.swift */; };
		DDBE79D228570E6D00A713C7 /* KakaoSNSLogin.swift in Sources */ = {isa = PBXBuildFile; fileRef = DDBE79D128570E6D00A713C7 /* KakaoSNSLogin.swift */; };
		DDE6E008284F1619000DC2D0 /* SignUpViewController.swift in Sources */ = {isa = PBXBuildFile; fileRef = DDE6E007284F1619000DC2D0 /* SignUpViewController.swift */; };
		DDE6E00A284F2167000DC2D0 /* HoshiTextField.swift in Sources */ = {isa = PBXBuildFile; fileRef = DDE6E009284F2167000DC2D0 /* HoshiTextField.swift */; };
		DDE6E00C284F217E000DC2D0 /* TextFieldEffects.swift in Sources */ = {isa = PBXBuildFile; fileRef = DDE6E00B284F217E000DC2D0 /* TextFieldEffects.swift */; };
		DDE6E00E284F36BF000DC2D0 /* SignIn.storyboard in Resources */ = {isa = PBXBuildFile; fileRef = DDE6E00D284F36BF000DC2D0 /* SignIn.storyboard */; };
		DDE6E010284F3795000DC2D0 /* SignUp.storyboard in Resources */ = {isa = PBXBuildFile; fileRef = DDE6E00F284F3795000DC2D0 /* SignUp.storyboard */; };
		DDE6E012284F3851000DC2D0 /* Intro.storyboard in Resources */ = {isa = PBXBuildFile; fileRef = DDE6E011284F3851000DC2D0 /* Intro.storyboard */; };
		DDE6E014284F387B000DC2D0 /* IntroViewController.swift in Sources */ = {isa = PBXBuildFile; fileRef = DDE6E013284F387B000DC2D0 /* IntroViewController.swift */; };
		DDE6E016284F3A70000DC2D0 /* Global.swift in Sources */ = {isa = PBXBuildFile; fileRef = DDE6E015284F3A70000DC2D0 /* Global.swift */; };
		DDE6E018284F3AE4000DC2D0 /* AlphadoUser.swift in Sources */ = {isa = PBXBuildFile; fileRef = DDE6E017284F3AE4000DC2D0 /* AlphadoUser.swift */; };
		DDF085D42831E8B0004FF351 /* AppDelegate.swift in Sources */ = {isa = PBXBuildFile; fileRef = DDF085D32831E8B0004FF351 /* AppDelegate.swift */; };
		DDF085D62831E8B0004FF351 /* SceneDelegate.swift in Sources */ = {isa = PBXBuildFile; fileRef = DDF085D52831E8B0004FF351 /* SceneDelegate.swift */; };
		DDF085D82831E8B0004FF351 /* MainViewController.swift in Sources */ = {isa = PBXBuildFile; fileRef = DDF085D72831E8B0004FF351 /* MainViewController.swift */; };
		DDF085DB2831E8B0004FF351 /* Main.storyboard in Resources */ = {isa = PBXBuildFile; fileRef = DDF085D92831E8B0004FF351 /* Main.storyboard */; };
		DDF085DD2831E8B1004FF351 /* Assets.xcassets in Resources */ = {isa = PBXBuildFile; fileRef = DDF085DC2831E8B1004FF351 /* Assets.xcassets */; };
		DDF085E02831E8B1004FF351 /* LaunchScreen.storyboard in Resources */ = {isa = PBXBuildFile; fileRef = DDF085DE2831E8B1004FF351 /* LaunchScreen.storyboard */; };
/* End PBXBuildFile section */

/* Begin PBXFileReference section */
		23FBB4A640F5096B57830D55 /* Pods_StudyLogin.framework */ = {isa = PBXFileReference; explicitFileType = wrapper.framework; includeInIndex = 0; path = Pods_StudyLogin.framework; sourceTree = BUILT_PRODUCTS_DIR; };
		26EB970699075C979B87A92A /* Pods-StudyLogin.debug.xcconfig */ = {isa = PBXFileReference; includeInIndex = 1; lastKnownFileType = text.xcconfig; name = "Pods-StudyLogin.debug.xcconfig"; path = "Target Support Files/Pods-StudyLogin/Pods-StudyLogin.debug.xcconfig"; sourceTree = "<group>"; };
		873C66BCFDE765EA0A28C771 /* Pods-StudyLogin.release.xcconfig */ = {isa = PBXFileReference; includeInIndex = 1; lastKnownFileType = text.xcconfig; name = "Pods-StudyLogin.release.xcconfig"; path = "Target Support Files/Pods-StudyLogin/Pods-StudyLogin.release.xcconfig"; sourceTree = "<group>"; };
		DD2219F62834DD780070C00A /* SignInViewController.swift */ = {isa = PBXFileReference; lastKnownFileType = sourcecode.swift; path = SignInViewController.swift; sourceTree = "<group>"; };
		DD2219F82834E0C40070C00A /* StudyLogin.entitlements */ = {isa = PBXFileReference; lastKnownFileType = text.plist.entitlements; path = StudyLogin.entitlements; sourceTree = "<group>"; };
		DD44A66028502449001C79E5 /* Util.swift */ = {isa = PBXFileReference; lastKnownFileType = sourcecode.swift; path = Util.swift; sourceTree = "<group>"; };
		DD44A662285097E2001C79E5 /* UserInfomationViewController.swift */ = {isa = PBXFileReference; lastKnownFileType = sourcecode.swift; path = UserInfomationViewController.swift; sourceTree = "<group>"; };
		DDB932D92851DE770018F2A0 /* en */ = {isa = PBXFileReference; lastKnownFileType = text.plist.strings; name = en; path = en.lproj/Localizable.strings; sourceTree = "<group>"; };
		DDB932DB2851DEAD0018F2A0 /* ko */ = {isa = PBXFileReference; lastKnownFileType = text.plist.strings; name = ko; path = ko.lproj/Main.strings; sourceTree = "<group>"; };
		DDB932DC2851DEAD0018F2A0 /* ko */ = {isa = PBXFileReference; lastKnownFileType = text.plist.strings; name = ko; path = ko.lproj/LaunchScreen.strings; sourceTree = "<group>"; };
		DDB932DD2851DEAD0018F2A0 /* ko */ = {isa = PBXFileReference; lastKnownFileType = text.plist.strings; name = ko; path = ko.lproj/Localizable.strings; sourceTree = "<group>"; };
		DDB932DE2851DF750018F2A0 /* String+Extension.swift */ = {isa = PBXFileReference; lastKnownFileType = sourcecode.swift; path = "String+Extension.swift"; sourceTree = "<group>"; };
		DDBE79CD2856FB9F00A713C7 /* NaverSNSLogin.swift */ = {isa = PBXFileReference; lastKnownFileType = sourcecode.swift; path = NaverSNSLogin.swift; sourceTree = "<group>"; };
		DDBE79CF285703C700A713C7 /* UIApplication+Extension.swift */ = {isa = PBXFileReference; lastKnownFileType = sourcecode.swift; path = "UIApplication+Extension.swift"; sourceTree = "<group>"; };
		DDBE79D128570E6D00A713C7 /* KakaoSNSLogin.swift */ = {isa = PBXFileReference; lastKnownFileType = sourcecode.swift; path = KakaoSNSLogin.swift; sourceTree = "<group>"; };
		DDE6E007284F1619000DC2D0 /* SignUpViewController.swift */ = {isa = PBXFileReference; lastKnownFileType = sourcecode.swift; path = SignUpViewController.swift; sourceTree = "<group>"; };
		DDE6E009284F2167000DC2D0 /* HoshiTextField.swift */ = {isa = PBXFileReference; lastKnownFileType = sourcecode.swift; path = HoshiTextField.swift; sourceTree = "<group>"; };
		DDE6E00B284F217E000DC2D0 /* TextFieldEffects.swift */ = {isa = PBXFileReference; lastKnownFileType = sourcecode.swift; path = TextFieldEffects.swift; sourceTree = "<group>"; };
		DDE6E00D284F36BF000DC2D0 /* SignIn.storyboard */ = {isa = PBXFileReference; lastKnownFileType = file.storyboard; path = SignIn.storyboard; sourceTree = "<group>"; };
		DDE6E00F284F3795000DC2D0 /* SignUp.storyboard */ = {isa = PBXFileReference; lastKnownFileType = file.storyboard; path = SignUp.storyboard; sourceTree = "<group>"; };
		DDE6E011284F3851000DC2D0 /* Intro.storyboard */ = {isa = PBXFileReference; lastKnownFileType = file.storyboard; path = Intro.storyboard; sourceTree = "<group>"; };
		DDE6E013284F387B000DC2D0 /* IntroViewController.swift */ = {isa = PBXFileReference; lastKnownFileType = sourcecode.swift; path = IntroViewController.swift; sourceTree = "<group>"; };
		DDE6E015284F3A70000DC2D0 /* Global.swift */ = {isa = PBXFileReference; lastKnownFileType = sourcecode.swift; path = Global.swift; sourceTree = "<group>"; };
		DDE6E017284F3AE4000DC2D0 /* AlphadoUser.swift */ = {isa = PBXFileReference; lastKnownFileType = sourcecode.swift; path = AlphadoUser.swift; sourceTree = "<group>"; };
		DDF085D02831E8B0004FF351 /* StudyLogin.app */ = {isa = PBXFileReference; explicitFileType = wrapper.application; includeInIndex = 0; path = StudyLogin.app; sourceTree = BUILT_PRODUCTS_DIR; };
		DDF085D32831E8B0004FF351 /* AppDelegate.swift */ = {isa = PBXFileReference; lastKnownFileType = sourcecode.swift; path = AppDelegate.swift; sourceTree = "<group>"; };
		DDF085D52831E8B0004FF351 /* SceneDelegate.swift */ = {isa = PBXFileReference; lastKnownFileType = sourcecode.swift; path = SceneDelegate.swift; sourceTree = "<group>"; };
		DDF085D72831E8B0004FF351 /* MainViewController.swift */ = {isa = PBXFileReference; lastKnownFileType = sourcecode.swift; path = MainViewController.swift; sourceTree = "<group>"; };
		DDF085DA2831E8B0004FF351 /* Base */ = {isa = PBXFileReference; lastKnownFileType = file.storyboard; name = Base; path = Base.lproj/Main.storyboard; sourceTree = "<group>"; };
		DDF085DC2831E8B1004FF351 /* Assets.xcassets */ = {isa = PBXFileReference; lastKnownFileType = folder.assetcatalog; path = Assets.xcassets; sourceTree = "<group>"; };
		DDF085DF2831E8B1004FF351 /* Base */ = {isa = PBXFileReference; lastKnownFileType = file.storyboard; name = Base; path = Base.lproj/LaunchScreen.storyboard; sourceTree = "<group>"; };
		DDF085E12831E8B1004FF351 /* Info.plist */ = {isa = PBXFileReference; lastKnownFileType = text.plist.xml; path = Info.plist; sourceTree = "<group>"; };
/* End PBXFileReference section */

/* Begin PBXFrameworksBuildPhase section */
		DDF085CD2831E8B0004FF351 /* Frameworks */ = {
			isa = PBXFrameworksBuildPhase;
			buildActionMask = 2147483647;
			files = (
				BE2EDF98780B65FA4CF7F768 /* Pods_StudyLogin.framework in Frameworks */,
			);
			runOnlyForDeploymentPostprocessing = 0;
		};
/* End PBXFrameworksBuildPhase section */

/* Begin PBXGroup section */
		841312F4A04CBD86F125878B /* Pods */ = {
			isa = PBXGroup;
			children = (
				26EB970699075C979B87A92A /* Pods-StudyLogin.debug.xcconfig */,
				873C66BCFDE765EA0A28C771 /* Pods-StudyLogin.release.xcconfig */,
			);
			path = Pods;
			sourceTree = "<group>";
		};
		DDF085C72831E8B0004FF351 = {
			isa = PBXGroup;
			children = (
				DDF085D22831E8B0004FF351 /* StudyLogin */,
				DDF085D12831E8B0004FF351 /* Products */,
				841312F4A04CBD86F125878B /* Pods */,
				E68472B410800B0FA40D5732 /* Frameworks */,
			);
			sourceTree = "<group>";
		};
		DDF085D12831E8B0004FF351 /* Products */ = {
			isa = PBXGroup;
			children = (
				DDF085D02831E8B0004FF351 /* StudyLogin.app */,
			);
			name = Products;
			sourceTree = "<group>";
		};
		DDF085D22831E8B0004FF351 /* StudyLogin */ = {
			isa = PBXGroup;
			children = (
				DD2219F82834E0C40070C00A /* StudyLogin.entitlements */,
				DDE6E015284F3A70000DC2D0 /* Global.swift */,
				DDF085D32831E8B0004FF351 /* AppDelegate.swift */,
				DDF085D52831E8B0004FF351 /* SceneDelegate.swift */,
				DDF085D92831E8B0004FF351 /* Main.storyboard */,
				DDF085D72831E8B0004FF351 /* MainViewController.swift */,
				DDF085DC2831E8B1004FF351 /* Assets.xcassets */,
				DDF085DE2831E8B1004FF351 /* LaunchScreen.storyboard */,
				DDF085E12831E8B1004FF351 /* Info.plist */,
				DDE6E009284F2167000DC2D0 /* HoshiTextField.swift */,
				DDE6E00B284F217E000DC2D0 /* TextFieldEffects.swift */,
				DDE6E00D284F36BF000DC2D0 /* SignIn.storyboard */,
				DD2219F62834DD780070C00A /* SignInViewController.swift */,
				DDE6E00F284F3795000DC2D0 /* SignUp.storyboard */,
				DDE6E007284F1619000DC2D0 /* SignUpViewController.swift */,
				DDE6E011284F3851000DC2D0 /* Intro.storyboard */,
				DDE6E013284F387B000DC2D0 /* IntroViewController.swift */,
				DDE6E017284F3AE4000DC2D0 /* AlphadoUser.swift */,
				DD44A66028502449001C79E5 /* Util.swift */,
				DD44A662285097E2001C79E5 /* UserInfomationViewController.swift */,
				DDB932DA2851DE770018F2A0 /* Localizable.strings */,
				DDB932DE2851DF750018F2A0 /* String+Extension.swift */,
				DDBE79CD2856FB9F00A713C7 /* NaverSNSLogin.swift */,
				DDBE79D128570E6D00A713C7 /* KakaoSNSLogin.swift */,
				DDBE79CF285703C700A713C7 /* UIApplication+Extension.swift */,
			);
			path = StudyLogin;
			sourceTree = "<group>";
		};
		E68472B410800B0FA40D5732 /* Frameworks */ = {
			isa = PBXGroup;
			children = (
				23FBB4A640F5096B57830D55 /* Pods_StudyLogin.framework */,
			);
			name = Frameworks;
			sourceTree = "<group>";
		};
/* End PBXGroup section */

/* Begin PBXNativeTarget section */
		DDF085CF2831E8B0004FF351 /* StudyLogin */ = {
			isa = PBXNativeTarget;
			buildConfigurationList = DDF085E42831E8B1004FF351 /* Build configuration list for PBXNativeTarget "StudyLogin" */;
			buildPhases = (
				283EBC0D95A9336B15617F07 /* [CP] Check Pods Manifest.lock */,
				DDF085CC2831E8B0004FF351 /* Sources */,
				DDF085CD2831E8B0004FF351 /* Frameworks */,
				DDF085CE2831E8B0004FF351 /* Resources */,
				D1892CB49523FF43EB2D2397 /* [CP] Embed Pods Frameworks */,
			);
			buildRules = (
			);
			dependencies = (
			);
			name = StudyLogin;
			productName = StudyLogin;
			productReference = DDF085D02831E8B0004FF351 /* StudyLogin.app */;
			productType = "com.apple.product-type.application";
		};
/* End PBXNativeTarget section */

/* Begin PBXProject section */
		DDF085C82831E8B0004FF351 /* Project object */ = {
			isa = PBXProject;
			attributes = {
				BuildIndependentTargetsInParallel = 1;
				LastSwiftUpdateCheck = 1330;
				LastUpgradeCheck = 1330;
				TargetAttributes = {
					DDF085CF2831E8B0004FF351 = {
						CreatedOnToolsVersion = 13.3;
					};
				};
			};
			buildConfigurationList = DDF085CB2831E8B0004FF351 /* Build configuration list for PBXProject "StudyLogin" */;
			compatibilityVersion = "Xcode 13.0";
			developmentRegion = en;
			hasScannedForEncodings = 0;
			knownRegions = (
				en,
				Base,
				ko,
			);
			mainGroup = DDF085C72831E8B0004FF351;
			productRefGroup = DDF085D12831E8B0004FF351 /* Products */;
			projectDirPath = "";
			projectRoot = "";
			targets = (
				DDF085CF2831E8B0004FF351 /* StudyLogin */,
			);
		};
/* End PBXProject section */

/* Begin PBXResourcesBuildPhase section */
		DDF085CE2831E8B0004FF351 /* Resources */ = {
			isa = PBXResourcesBuildPhase;
			buildActionMask = 2147483647;
			files = (
				DDE6E00E284F36BF000DC2D0 /* SignIn.storyboard in Resources */,
				DDF085E02831E8B1004FF351 /* LaunchScreen.storyboard in Resources */,
				DDF085DD2831E8B1004FF351 /* Assets.xcassets in Resources */,
				DDB932D82851DE770018F2A0 /* Localizable.strings in Resources */,
				DDF085DB2831E8B0004FF351 /* Main.storyboard in Resources */,
				DDE6E010284F3795000DC2D0 /* SignUp.storyboard in Resources */,
				DDE6E012284F3851000DC2D0 /* Intro.storyboard in Resources */,
			);
			runOnlyForDeploymentPostprocessing = 0;
		};
/* End PBXResourcesBuildPhase section */

/* Begin PBXShellScriptBuildPhase section */
		283EBC0D95A9336B15617F07 /* [CP] Check Pods Manifest.lock */ = {
			isa = PBXShellScriptBuildPhase;
			buildActionMask = 2147483647;
			files = (
			);
			inputFileListPaths = (
			);
			inputPaths = (
				"${PODS_PODFILE_DIR_PATH}/Podfile.lock",
				"${PODS_ROOT}/Manifest.lock",
			);
			name = "[CP] Check Pods Manifest.lock";
			outputFileListPaths = (
			);
			outputPaths = (
				"$(DERIVED_FILE_DIR)/Pods-StudyLogin-checkManifestLockResult.txt",
			);
			runOnlyForDeploymentPostprocessing = 0;
			shellPath = /bin/sh;
			shellScript = "diff \"${PODS_PODFILE_DIR_PATH}/Podfile.lock\" \"${PODS_ROOT}/Manifest.lock\" > /dev/null\nif [ $? != 0 ] ; then\n    # print error to STDERR\n    echo \"error: The sandbox is not in sync with the Podfile.lock. Run 'pod install' or update your CocoaPods installation.\" >&2\n    exit 1\nfi\n# This output is used by Xcode 'outputs' to avoid re-running this script phase.\necho \"SUCCESS\" > \"${SCRIPT_OUTPUT_FILE_0}\"\n";
			showEnvVarsInLog = 0;
		};
		D1892CB49523FF43EB2D2397 /* [CP] Embed Pods Frameworks */ = {
			isa = PBXShellScriptBuildPhase;
			buildActionMask = 2147483647;
			files = (
			);
			inputFileListPaths = (
				"${PODS_ROOT}/Target Support Files/Pods-StudyLogin/Pods-StudyLogin-frameworks-${CONFIGURATION}-input-files.xcfilelist",
			);
			name = "[CP] Embed Pods Frameworks";
			outputFileListPaths = (
				"${PODS_ROOT}/Target Support Files/Pods-StudyLogin/Pods-StudyLogin-frameworks-${CONFIGURATION}-output-files.xcfilelist",
			);
			runOnlyForDeploymentPostprocessing = 0;
			shellPath = /bin/sh;
			shellScript = "\"${PODS_ROOT}/Target Support Files/Pods-StudyLogin/Pods-StudyLogin-frameworks.sh\"\n";
			showEnvVarsInLog = 0;
		};
/* End PBXShellScriptBuildPhase section */

/* Begin PBXSourcesBuildPhase section */
		DDF085CC2831E8B0004FF351 /* Sources */ = {
			isa = PBXSourcesBuildPhase;
			buildActionMask = 2147483647;
			files = (
				DD44A66128502449001C79E5 /* Util.swift in Sources */,
				DDE6E00C284F217E000DC2D0 /* TextFieldEffects.swift in Sources */,
				DDBE79D228570E6D00A713C7 /* KakaoSNSLogin.swift in Sources */,
				DDF085D82831E8B0004FF351 /* MainViewController.swift in Sources */,
				DD44A663285097E2001C79E5 /* UserInfomationViewController.swift in Sources */,
				DDF085D42831E8B0004FF351 /* AppDelegate.swift in Sources */,
				DDE6E008284F1619000DC2D0 /* SignUpViewController.swift in Sources */,
				DDB932DF2851DF750018F2A0 /* String+Extension.swift in Sources */,
				DDE6E00A284F2167000DC2D0 /* HoshiTextField.swift in Sources */,
				DDBE79CE2856FB9F00A713C7 /* NaverSNSLogin.swift in Sources */,
				DDF085D62831E8B0004FF351 /* SceneDelegate.swift in Sources */,
				DD2219F72834DD780070C00A /* SignInViewController.swift in Sources */,
				DDE6E014284F387B000DC2D0 /* IntroViewController.swift in Sources */,
				DDE6E018284F3AE4000DC2D0 /* AlphadoUser.swift in Sources */,
				DDBE79D0285703C700A713C7 /* UIApplication+Extension.swift in Sources */,
				DDE6E016284F3A70000DC2D0 /* Global.swift in Sources */,
			);
			runOnlyForDeploymentPostprocessing = 0;
		};
/* End PBXSourcesBuildPhase section */

/* Begin PBXVariantGroup section */
		DDB932DA2851DE770018F2A0 /* Localizable.strings */ = {
			isa = PBXVariantGroup;
			children = (
				DDB932D92851DE770018F2A0 /* en */,
				DDB932DD2851DEAD0018F2A0 /* ko */,
			);
			name = Localizable.strings;
			sourceTree = "<group>";
		};
		DDF085D92831E8B0004FF351 /* Main.storyboard */ = {
			isa = PBXVariantGroup;
			children = (
				DDF085DA2831E8B0004FF351 /* Base */,
				DDB932DB2851DEAD0018F2A0 /* ko */,
			);
			name = Main.storyboard;
			sourceTree = "<group>";
		};
		DDF085DE2831E8B1004FF351 /* LaunchScreen.storyboard */ = {
			isa = PBXVariantGroup;
			children = (
				DDF085DF2831E8B1004FF351 /* Base */,
				DDB932DC2851DEAD0018F2A0 /* ko */,
			);
			name = LaunchScreen.storyboard;
			sourceTree = "<group>";
		};
/* End PBXVariantGroup section */

/* Begin XCBuildConfiguration section */
		DDF085E22831E8B1004FF351 /* Debug */ = {
			isa = XCBuildConfiguration;
			buildSettings = {
				ALWAYS_SEARCH_USER_PATHS = NO;
				CLANG_ANALYZER_LOCALIZABILITY_NONLOCALIZED = YES;
				CLANG_ANALYZER_NONNULL = YES;
				CLANG_ANALYZER_NUMBER_OBJECT_CONVERSION = YES_AGGRESSIVE;
				CLANG_CXX_LANGUAGE_STANDARD = "gnu++17";
				CLANG_ENABLE_MODULES = YES;
				CLANG_ENABLE_OBJC_ARC = YES;
				CLANG_ENABLE_OBJC_WEAK = YES;
				CLANG_WARN_BLOCK_CAPTURE_AUTORELEASING = YES;
				CLANG_WARN_BOOL_CONVERSION = YES;
				CLANG_WARN_COMMA = YES;
				CLANG_WARN_CONSTANT_CONVERSION = YES;
				CLANG_WARN_DEPRECATED_OBJC_IMPLEMENTATIONS = YES;
				CLANG_WARN_DIRECT_OBJC_ISA_USAGE = YES_ERROR;
				CLANG_WARN_DOCUMENTATION_COMMENTS = YES;
				CLANG_WARN_EMPTY_BODY = YES;
				CLANG_WARN_ENUM_CONVERSION = YES;
				CLANG_WARN_INFINITE_RECURSION = YES;
				CLANG_WARN_INT_CONVERSION = YES;
				CLANG_WARN_NON_LITERAL_NULL_CONVERSION = YES;
				CLANG_WARN_OBJC_IMPLICIT_RETAIN_SELF = YES;
				CLANG_WARN_OBJC_LITERAL_CONVERSION = YES;
				CLANG_WARN_OBJC_ROOT_CLASS = YES_ERROR;
				CLANG_WARN_QUOTED_INCLUDE_IN_FRAMEWORK_HEADER = YES;
				CLANG_WARN_RANGE_LOOP_ANALYSIS = YES;
				CLANG_WARN_STRICT_PROTOTYPES = YES;
				CLANG_WARN_SUSPICIOUS_MOVE = YES;
				CLANG_WARN_UNGUARDED_AVAILABILITY = YES_AGGRESSIVE;
				CLANG_WARN_UNREACHABLE_CODE = YES;
				CLANG_WARN__DUPLICATE_METHOD_MATCH = YES;
				COPY_PHASE_STRIP = NO;
				DEBUG_INFORMATION_FORMAT = dwarf;
				ENABLE_STRICT_OBJC_MSGSEND = YES;
				ENABLE_TESTABILITY = YES;
				GCC_C_LANGUAGE_STANDARD = gnu11;
				GCC_DYNAMIC_NO_PIC = NO;
				GCC_NO_COMMON_BLOCKS = YES;
				GCC_OPTIMIZATION_LEVEL = 0;
				GCC_PREPROCESSOR_DEFINITIONS = (
					"DEBUG=1",
					"$(inherited)",
				);
				GCC_WARN_64_TO_32_BIT_CONVERSION = YES;
				GCC_WARN_ABOUT_RETURN_TYPE = YES_ERROR;
				GCC_WARN_UNDECLARED_SELECTOR = YES;
				GCC_WARN_UNINITIALIZED_AUTOS = YES_AGGRESSIVE;
				GCC_WARN_UNUSED_FUNCTION = YES;
				GCC_WARN_UNUSED_VARIABLE = YES;
				INFOPLIST_KEY_UIMainStoryboardFile = "";
				IPHONEOS_DEPLOYMENT_TARGET = 15.4;
				MTL_ENABLE_DEBUG_INFO = INCLUDE_SOURCE;
				MTL_FAST_MATH = YES;
				ONLY_ACTIVE_ARCH = YES;
				SDKROOT = iphoneos;
				SWIFT_ACTIVE_COMPILATION_CONDITIONS = DEBUG;
				SWIFT_OPTIMIZATION_LEVEL = "-Onone";
			};
			name = Debug;
		};
		DDF085E32831E8B1004FF351 /* Release */ = {
			isa = XCBuildConfiguration;
			buildSettings = {
				ALWAYS_SEARCH_USER_PATHS = NO;
				CLANG_ANALYZER_LOCALIZABILITY_NONLOCALIZED = YES;
				CLANG_ANALYZER_NONNULL = YES;
				CLANG_ANALYZER_NUMBER_OBJECT_CONVERSION = YES_AGGRESSIVE;
				CLANG_CXX_LANGUAGE_STANDARD = "gnu++17";
				CLANG_ENABLE_MODULES = YES;
				CLANG_ENABLE_OBJC_ARC = YES;
				CLANG_ENABLE_OBJC_WEAK = YES;
				CLANG_WARN_BLOCK_CAPTURE_AUTORELEASING = YES;
				CLANG_WARN_BOOL_CONVERSION = YES;
				CLANG_WARN_COMMA = YES;
				CLANG_WARN_CONSTANT_CONVERSION = YES;
				CLANG_WARN_DEPRECATED_OBJC_IMPLEMENTATIONS = YES;
				CLANG_WARN_DIRECT_OBJC_ISA_USAGE = YES_ERROR;
				CLANG_WARN_DOCUMENTATION_COMMENTS = YES;
				CLANG_WARN_EMPTY_BODY = YES;
				CLANG_WARN_ENUM_CONVERSION = YES;
				CLANG_WARN_INFINITE_RECURSION = YES;
				CLANG_WARN_INT_CONVERSION = YES;
				CLANG_WARN_NON_LITERAL_NULL_CONVERSION = YES;
				CLANG_WARN_OBJC_IMPLICIT_RETAIN_SELF = YES;
				CLANG_WARN_OBJC_LITERAL_CONVERSION = YES;
				CLANG_WARN_OBJC_ROOT_CLASS = YES_ERROR;
				CLANG_WARN_QUOTED_INCLUDE_IN_FRAMEWORK_HEADER = YES;
				CLANG_WARN_RANGE_LOOP_ANALYSIS = YES;
				CLANG_WARN_STRICT_PROTOTYPES = YES;
				CLANG_WARN_SUSPICIOUS_MOVE = YES;
				CLANG_WARN_UNGUARDED_AVAILABILITY = YES_AGGRESSIVE;
				CLANG_WARN_UNREACHABLE_CODE = YES;
				CLANG_WARN__DUPLICATE_METHOD_MATCH = YES;
				COPY_PHASE_STRIP = NO;
				DEBUG_INFORMATION_FORMAT = "dwarf-with-dsym";
				ENABLE_NS_ASSERTIONS = NO;
				ENABLE_STRICT_OBJC_MSGSEND = YES;
				GCC_C_LANGUAGE_STANDARD = gnu11;
				GCC_NO_COMMON_BLOCKS = YES;
				GCC_WARN_64_TO_32_BIT_CONVERSION = YES;
				GCC_WARN_ABOUT_RETURN_TYPE = YES_ERROR;
				GCC_WARN_UNDECLARED_SELECTOR = YES;
				GCC_WARN_UNINITIALIZED_AUTOS = YES_AGGRESSIVE;
				GCC_WARN_UNUSED_FUNCTION = YES;
				GCC_WARN_UNUSED_VARIABLE = YES;
				INFOPLIST_KEY_UIMainStoryboardFile = "";
				IPHONEOS_DEPLOYMENT_TARGET = 15.4;
				MTL_ENABLE_DEBUG_INFO = NO;
				MTL_FAST_MATH = YES;
				SDKROOT = iphoneos;
				SWIFT_COMPILATION_MODE = wholemodule;
				SWIFT_OPTIMIZATION_LEVEL = "-O";
				VALIDATE_PRODUCT = YES;
			};
			name = Release;
		};
		DDF085E52831E8B1004FF351 /* Debug */ = {
			isa = XCBuildConfiguration;
			baseConfigurationReference = 26EB970699075C979B87A92A /* Pods-StudyLogin.debug.xcconfig */;
			buildSettings = {
				ASSETCATALOG_COMPILER_APPICON_NAME = AppIcon;
				ASSETCATALOG_COMPILER_GLOBAL_ACCENT_COLOR_NAME = AccentColor;
				CODE_SIGN_ENTITLEMENTS = StudyLogin/StudyLogin.entitlements;
				CODE_SIGN_STYLE = Automatic;
				CURRENT_PROJECT_VERSION = 1;
				DEVELOPMENT_TEAM = M824QZSP2W;
				GENERATE_INFOPLIST_FILE = YES;
				INFOPLIST_FILE = StudyLogin/Info.plist;
				INFOPLIST_KEY_UIApplicationSupportsIndirectInputEvents = YES;
				INFOPLIST_KEY_UILaunchStoryboardName = LaunchScreen;
				INFOPLIST_KEY_UIMainStoryboardFile = "";
				INFOPLIST_KEY_UISupportedInterfaceOrientations_iPad = "UIInterfaceOrientationPortrait UIInterfaceOrientationPortraitUpsideDown UIInterfaceOrientationLandscapeLeft UIInterfaceOrientationLandscapeRight";
				INFOPLIST_KEY_UISupportedInterfaceOrientations_iPhone = "UIInterfaceOrientationPortrait UIInterfaceOrientationLandscapeLeft UIInterfaceOrientationLandscapeRight";
				IPHONEOS_DEPLOYMENT_TARGET = 14.0;
				LD_RUNPATH_SEARCH_PATHS = (
					"$(inherited)",
					"@executable_path/Frameworks",
				);
				MARKETING_VERSION = 1.0;
				PRODUCT_BUNDLE_IDENTIFIER = kr.co.alphado;
				PRODUCT_NAME = "$(TARGET_NAME)";
				SWIFT_EMIT_LOC_STRINGS = YES;
				SWIFT_VERSION = 5.0;
				TARGETED_DEVICE_FAMILY = "1,2";
			};
			name = Debug;
		};
		DDF085E62831E8B1004FF351 /* Release */ = {
			isa = XCBuildConfiguration;
			baseConfigurationReference = 873C66BCFDE765EA0A28C771 /* Pods-StudyLogin.release.xcconfig */;
			buildSettings = {
				ASSETCATALOG_COMPILER_APPICON_NAME = AppIcon;
				ASSETCATALOG_COMPILER_GLOBAL_ACCENT_COLOR_NAME = AccentColor;
				CODE_SIGN_ENTITLEMENTS = StudyLogin/StudyLogin.entitlements;
				CODE_SIGN_STYLE = Automatic;
				CURRENT_PROJECT_VERSION = 1;
				DEVELOPMENT_TEAM = M824QZSP2W;
				GENERATE_INFOPLIST_FILE = YES;
				INFOPLIST_FILE = StudyLogin/Info.plist;
				INFOPLIST_KEY_UIApplicationSupportsIndirectInputEvents = YES;
				INFOPLIST_KEY_UILaunchStoryboardName = LaunchScreen;
				INFOPLIST_KEY_UIMainStoryboardFile = "";
				INFOPLIST_KEY_UISupportedInterfaceOrientations_iPad = "UIInterfaceOrientationPortrait UIInterfaceOrientationPortraitUpsideDown UIInterfaceOrientationLandscapeLeft UIInterfaceOrientationLandscapeRight";
				INFOPLIST_KEY_UISupportedInterfaceOrientations_iPhone = "UIInterfaceOrientationPortrait UIInterfaceOrientationLandscapeLeft UIInterfaceOrientationLandscapeRight";
				IPHONEOS_DEPLOYMENT_TARGET = 14.0;
				LD_RUNPATH_SEARCH_PATHS = (
					"$(inherited)",
					"@executable_path/Frameworks",
				);
				MARKETING_VERSION = 1.0;
				PRODUCT_BUNDLE_IDENTIFIER = kr.co.alphado;
				PRODUCT_NAME = "$(TARGET_NAME)";
				SWIFT_EMIT_LOC_STRINGS = YES;
				SWIFT_VERSION = 5.0;
				TARGETED_DEVICE_FAMILY = "1,2";
			};
			name = Release;
		};
/* End XCBuildConfiguration section */

/* Begin XCConfigurationList section */
		DDF085CB2831E8B0004FF351 /* Build configuration list for PBXProject "StudyLogin" */ = {
			isa = XCConfigurationList;
			buildConfigurations = (
				DDF085E22831E8B1004FF351 /* Debug */,
				DDF085E32831E8B1004FF351 /* Release */,
			);
			defaultConfigurationIsVisible = 0;
			defaultConfigurationName = Release;
		};
		DDF085E42831E8B1004FF351 /* Build configuration list for PBXNativeTarget "StudyLogin" */ = {
			isa = XCConfigurationList;
			buildConfigurations = (
				DDF085E52831E8B1004FF351 /* Debug */,
				DDF085E62831E8B1004FF351 /* Release */,
			);
			defaultConfigurationIsVisible = 0;
			defaultConfigurationName = Release;
		};
/* End XCConfigurationList section */
	};
	rootObject = DDF085C82831E8B0004FF351 /* Project object */;
}
